// !$*UTF8*$!
{
	archiveVersion = 1;
	classes = {
	};
	objectVersion = 48;
	objects = {

/* Begin PBXBuildFile section */
		602278362065EEA000070703 /* AppDelegate.m in Sources */ = {isa = PBXBuildFile; fileRef = 602278352065EEA000070703 /* AppDelegate.m */; };
		602278392065EEA000070703 /* ViewController.m in Sources */ = {isa = PBXBuildFile; fileRef = 602278382065EEA000070703 /* ViewController.m */; };
		6022783C2065EEA000070703 /* Main.storyboard in Resources */ = {isa = PBXBuildFile; fileRef = 6022783A2065EEA000070703 /* Main.storyboard */; };
		6022783E2065EEA000070703 /* Assets.xcassets in Resources */ = {isa = PBXBuildFile; fileRef = 6022783D2065EEA000070703 /* Assets.xcassets */; };
		602278412065EEA000070703 /* LaunchScreen.storyboard in Resources */ = {isa = PBXBuildFile; fileRef = 6022783F2065EEA000070703 /* LaunchScreen.storyboard */; };
		602278442065EEA000070703 /* main.m in Sources */ = {isa = PBXBuildFile; fileRef = 602278432065EEA000070703 /* main.m */; };
/* End PBXBuildFile section */

/* Begin PBXFileReference section */
		602278312065EEA000070703 /* tantan.app */ = {isa = PBXFileReference; explicitFileType = wrapper.application; includeInIndex = 0; path = tantan.app; sourceTree = BUILT_PRODUCTS_DIR; };
		602278342065EEA000070703 /* AppDelegate.h */ = {isa = PBXFileReference; lastKnownFileType = sourcecode.c.h; path = AppDelegate.h; sourceTree = "<group>"; };
		602278352065EEA000070703 /* AppDelegate.m */ = {isa = PBXFileReference; lastKnownFileType = sourcecode.c.objc; path = AppDelegate.m; sourceTree = "<group>"; };
		602278372065EEA000070703 /* ViewController.h */ = {isa = PBXFileReference; lastKnownFileType = sourcecode.c.h; path = ViewController.h; sourceTree = "<group>"; };
		602278382065EEA000070703 /* ViewController.m */ = {isa = PBXFileReference; lastKnownFileType = sourcecode.c.objc; path = ViewController.m; sourceTree = "<group>"; };
		6022783B2065EEA000070703 /* Base */ = {isa = PBXFileReference; lastKnownFileType = file.storyboard; name = Base; path = Base.lproj/Main.storyboard; sourceTree = "<group>"; };
		6022783D2065EEA000070703 /* Assets.xcassets */ = {isa = PBXFileReference; lastKnownFileType = folder.assetcatalog; path = Assets.xcassets; sourceTree = "<group>"; };
		602278402065EEA000070703 /* Base */ = {isa = PBXFileReference; lastKnownFileType = file.storyboard; name = Base; path = Base.lproj/LaunchScreen.storyboard; sourceTree = "<group>"; };
		602278422065EEA000070703 /* Info.plist */ = {isa = PBXFileReference; lastKnownFileType = text.plist.xml; path = Info.plist; sourceTree = "<group>"; };
		602278432065EEA000070703 /* main.m */ = {isa = PBXFileReference; lastKnownFileType = sourcecode.c.objc; path = main.m; sourceTree = "<group>"; };
/* End PBXFileReference section */

/* Begin PBXFrameworksBuildPhase section */
		6022782E2065EEA000070703 /* Frameworks */ = {
			isa = PBXFrameworksBuildPhase;
			buildActionMask = 2147483647;
			files = (
			);
			runOnlyForDeploymentPostprocessing = 0;
		};
/* End PBXFrameworksBuildPhase section */

/* Begin PBXGroup section */
		602278282065EEA000070703 = {
			isa = PBXGroup;
			children = (
				602278332065EEA000070703 /* tantan */,
				602278322065EEA000070703 /* Products */,
			);
			sourceTree = "<group>";
		};
		602278322065EEA000070703 /* Products */ = {
			isa = PBXGroup;
			children = (
				602278312065EEA000070703 /* tantan.app */,
			);
			name = Products;
			sourceTree = "<group>";
		};
		602278332065EEA000070703 /* tantan */ = {
			isa = PBXGroup;
			children = (
				602278342065EEA000070703 /* AppDelegate.h */,
				602278352065EEA000070703 /* AppDelegate.m */,
				602278372065EEA000070703 /* ViewController.h */,
				602278382065EEA000070703 /* ViewController.m */,
				6022783A2065EEA000070703 /* Main.storyboard */,
				6022783D2065EEA000070703 /* Assets.xcassets */,
				6022783F2065EEA000070703 /* LaunchScreen.storyboard */,
				602278422065EEA000070703 /* Info.plist */,
				602278432065EEA000070703 /* main.m */,
			);
			path = tantan;
			sourceTree = "<group>";
		};
/* End PBXGroup section */

/* Begin PBXNativeTarget section */
		602278302065EEA000070703 /* tantan */ = {
			isa = PBXNativeTarget;
			buildConfigurationList = 602278472065EEA000070703 /* Build configuration list for PBXNativeTarget "tantan" */;
			buildPhases = (
				6022782D2065EEA000070703 /* Sources */,
				6022782E2065EEA000070703 /* Frameworks */,
				6022782F2065EEA000070703 /* Resources */,
			);
			buildRules = (
			);
			dependencies = (
			);
			name = tantan;
			productName = tantan;
			productReference = 602278312065EEA000070703 /* tantan.app */;
			productType = "com.apple.product-type.application";
		};
/* End PBXNativeTarget section */

/* Begin PBXProject section */
		602278292065EEA000070703 /* Project object */ = {
			isa = PBXProject;
			attributes = {
				LastUpgradeCheck = 0920;
				ORGANIZATIONNAME = "iOS-LeiYu";
				TargetAttributes = {
					602278302065EEA000070703 = {
						CreatedOnToolsVersion = 9.2;
						ProvisioningStyle = Automatic;
					};
				};
			};
			buildConfigurationList = 6022782C2065EEA000070703 /* Build configuration list for PBXProject "tantan" */;
			compatibilityVersion = "Xcode 8.0";
			developmentRegion = en;
			hasScannedForEncodings = 0;
			knownRegions = (
				en,
				Base,
			);
			mainGroup = 602278282065EEA000070703;
			productRefGroup = 602278322065EEA000070703 /* Products */;
			projectDirPath = "";
			projectRoot = "";
			targets = (
				602278302065EEA000070703 /* tantan */,
			);
		};
/* End PBXProject section */

/* Begin PBXResourcesBuildPhase section */
		6022782F2065EEA000070703 /* Resources */ = {
			isa = PBXResourcesBuildPhase;
			buildActionMask = 2147483647;
			files = (
				602278412065EEA000070703 /* LaunchScreen.storyboard in Resources */,
				6022783E2065EEA000070703 /* Assets.xcassets in Resources */,
				6022783C2065EEA000070703 /* Main.storyboard in Resources */,
			);
			runOnlyForDeploymentPostprocessing = 0;
		};
/* End PBXResourcesBuildPhase section */

/* Begin PBXSourcesBuildPhase section */
		6022782D2065EEA000070703 /* Sources */ = {
			isa = PBXSourcesBuildPhase;
			buildActionMask = 2147483647;
			files = (
				602278392065EEA000070703 /* ViewController.m in Sources */,
				602278442065EEA000070703 /* main.m in Sources */,
				602278362065EEA000070703 /* AppDelegate.m in Sources */,
			);
			runOnlyForDeploymentPostprocessing = 0;
		};
/* End PBXSourcesBuildPhase section */

/* Begin PBXVariantGroup section */
		6022783A2065EEA000070703 /* Main.storyboard */ = {
			isa = PBXVariantGroup;
			children = (
				6022783B2065EEA000070703 /* Base */,
			);
			name = Main.storyboard;
			sourceTree = "<group>";
		};
		6022783F2065EEA000070703 /* LaunchScreen.storyboard */ = {
			isa = PBXVariantGroup;
			children = (
				602278402065EEA000070703 /* Base */,
			);
			name = LaunchScreen.storyboard;
			sourceTree = "<group>";
		};
/* End PBXVariantGroup section */

/* Begin XCBuildConfiguration section */
		602278452065EEA000070703 /* Debug */ = {
			isa = XCBuildConfiguration;
			buildSettings = {
				ALWAYS_SEARCH_USER_PATHS = NO;
				CLANG_ANALYZER_NONNULL = YES;
				CLANG_ANALYZER_NUMBER_OBJECT_CONVERSION = YES_AGGRESSIVE;
				CLANG_CXX_LANGUAGE_STANDARD = "gnu++14";
				CLANG_CXX_LIBRARY = "libc++";
				CLANG_ENABLE_MODULES = YES;
				CLANG_ENABLE_OBJC_ARC = YES;
				CLANG_WARN_BLOCK_CAPTURE_AUTORELEASING = YES;
				CLANG_WARN_BOOL_CONVERSION = YES;
				CLANG_WARN_COMMA = YES;
				CLANG_WARN_CONSTANT_CONVERSION = YES;
				CLANG_WARN_DIRECT_OBJC_ISA_USAGE = YES_ERROR;
				CLANG_WARN_DOCUMENTATION_COMMENTS = YES;
				CLANG_WARN_EMPTY_BODY = YES;
				CLANG_WARN_ENUM_CONVERSION = YES;
				CLANG_WARN_INFINITE_RECURSION = YES;
				CLANG_WARN_INT_CONVERSION = YES;
				CLANG_WARN_NON_LITERAL_NULL_CONVERSION = YES;
				CLANG_WARN_OBJC_LITERAL_CONVERSION = YES;
				CLANG_WARN_OBJC_ROOT_CLASS = YES_ERROR;
				CLANG_WARN_RANGE_LOOP_ANALYSIS = YES;
				CLANG_WARN_STRICT_PROTOTYPES = YES;
				CLANG_WARN_SUSPICIOUS_MOVE = YES;
				CLANG_WARN_UNGUARDED_AVAILABILITY = YES_AGGRESSIVE;
				CLANG_WARN_UNREACHABLE_CODE = YES;
				CLANG_WARN__DUPLICATE_METHOD_MATCH = YES;
				CODE_SIGN_IDENTITY = "iPhone Developer";
				COPY_PHASE_STRIP = NO;
				DEBUG_INFORMATION_FORMAT = dwarf;
				ENABLE_STRICT_OBJC_MSGSEND = YES;
				ENABLE_TESTABILITY = YES;
				GCC_C_LANGUAGE_STANDARD = gnu11;
				GCC_DYNAMIC_NO_PIC = NO;
				GCC_NO_COMMON_BLOCKS = YES;
				GCC_OPTIMIZATION_LEVEL = 0;
				GCC_PREPROCESSOR_DEFINITIONS = (
					"DEBUG=1",
					"$(inherited)",
				);
				GCC_WARN_64_TO_32_BIT_CONVERSION = YES;
				GCC_WARN_ABOUT_RETURN_TYPE = YES_ERROR;
				GCC_WARN_UNDECLARED_SELECTOR = YES;
				GCC_WARN_UNINITIALIZED_AUTOS = YES_AGGRESSIVE;
				GCC_WARN_UNUSED_FUNCTION = YES;
				GCC_WARN_UNUSED_VARIABLE = YES;
				IPHONEOS_DEPLOYMENT_TARGET = 11.2;
				MTL_ENABLE_DEBUG_INFO = YES;
				ONLY_ACTIVE_ARCH = YES;
				SDKROOT = iphoneos;
			};
			name = Debug;
		};
		602278462065EEA000070703 /* Release */ = {
			isa = XCBuildConfiguration;
			buildSettings = {
				ALWAYS_SEARCH_USER_PATHS = NO;
				CLANG_ANALYZER_NONNULL = YES;
				CLANG_ANALYZER_NUMBER_OBJECT_CONVERSION = YES_AGGRESSIVE;
				CLANG_CXX_LANGUAGE_STANDARD = "gnu++14";
				CLANG_CXX_LIBRARY = "libc++";
				CLANG_ENABLE_MODULES = YES;
				CLANG_ENABLE_OBJC_ARC = YES;
				CLANG_WARN_BLOCK_CAPTURE_AUTORELEASING = YES;
				CLANG_WARN_BOOL_CONVERSION = YES;
				CLANG_WARN_COMMA = YES;
				CLANG_WARN_CONSTANT_CONVERSION = YES;
				CLANG_WARN_DIRECT_OBJC_ISA_USAGE = YES_ERROR;
				CLANG_WARN_DOCUMENTATION_COMMENTS = YES;
				CLANG_WARN_EMPTY_BODY = YES;
				CLANG_WARN_ENUM_CONVERSION = YES;
				CLANG_WARN_INFINITE_RECURSION = YES;
				CLANG_WARN_INT_CONVERSION = YES;
				CLANG_WARN_NON_LITERAL_NULL_CONVERSION = YES;
				CLANG_WARN_OBJC_LITERAL_CONVERSION = YES;
				CLANG_WARN_OBJC_ROOT_CLASS = YES_ERROR;
				CLANG_WARN_RANGE_LOOP_ANALYSIS = YES;
				CLANG_WARN_STRICT_PROTOTYPES = YES;
				CLANG_WARN_SUSPICIOUS_MOVE = YES;
				CLANG_WARN_UNGUARDED_AVAILABILITY = YES_AGGRESSIVE;
				CLANG_WARN_UNREACHABLE_CODE = YES;
				CLANG_WARN__DUPLICATE_METHOD_MATCH = YES;
				CODE_SIGN_IDENTITY = "iPhone Developer";
				COPY_PHASE_STRIP = NO;
				DEBUG_INFORMATION_FORMAT = "dwarf-with-dsym";
				ENABLE_NS_ASSERTIONS = NO;
				ENABLE_STRICT_OBJC_MSGSEND = YES;
				GCC_C_LANGUAGE_STANDARD = gnu11;
				GCC_NO_COMMON_BLOCKS = YES;
				GCC_WARN_64_TO_32_BIT_CONVERSION = YES;
				GCC_WARN_ABOUT_RETURN_TYPE = YES_ERROR;
				GCC_WARN_UNDECLARED_SELECTOR = YES;
				GCC_WARN_UNINITIALIZED_AUTOS = YES_AGGRESSIVE;
				GCC_WARN_UNUSED_FUNCTION = YES;
				GCC_WARN_UNUSED_VARIABLE = YES;
				IPHONEOS_DEPLOYMENT_TARGET = 11.2;
				MTL_ENABLE_DEBUG_INFO = NO;
				SDKROOT = iphoneos;
				VALIDATE_PRODUCT = YES;
			};
			name = Release;
		};
		602278482065EEA000070703 /* Debug */ = {
			isa = XCBuildConfiguration;
			buildSettings = {
				ASSETCATALOG_COMPILER_APPICON_NAME = AppIcon;
				CODE_SIGN_STYLE = Automatic;
				DEVELOPMENT_TEAM = WA8WS26R8S;
				INFOPLIST_FILE = tantan/Info.plist;
				IPHONEOS_DEPLOYMENT_TARGET = 10.0;
				LD_RUNPATH_SEARCH_PATHS = "$(inherited) @executable_path/Frameworks";
				PRODUCT_BUNDLE_IDENTIFIER = com.tencent.live4iphone.tantan;
				PRODUCT_NAME = "$(TARGET_NAME)";
				TARGETED_DEVICE_FAMILY = "1,2";
			};
			name = Debug;
		};
		602278492065EEA000070703 /* Release */ = {
			isa = XCBuildConfiguration;
			buildSettings = {
				ASSETCATALOG_COMPILER_APPICON_NAME = AppIcon;
				CODE_SIGN_STYLE = Automatic;
				DEVELOPMENT_TEAM = WA8WS26R8S;
				INFOPLIST_FILE = tantan/Info.plist;
				IPHONEOS_DEPLOYMENT_TARGET = 10.0;
				LD_RUNPATH_SEARCH_PATHS = "$(inherited) @executable_path/Frameworks";
				PRODUCT_BUNDLE_IDENTIFIER = com.tencent.live4iphone.tantan;
				PRODUCT_NAME = "$(TARGET_NAME)";
				TARGETED_DEVICE_FAMILY = "1,2";
			};
			name = Release;
		};
/* End XCBuildConfiguration section */

/* Begin XCConfigurationList section */
		6022782C2065EEA000070703 /* Build configuration list for PBXProject "tantan" */ = {
			isa = XCConfigurationList;
			buildConfigurations = (
				602278452065EEA000070703 /* Debug */,
				602278462065EEA000070703 /* Release */,
			);
			defaultConfigurationIsVisible = 0;
			defaultConfigurationName = Release;
		};
		602278472065EEA000070703 /* Build configuration list for PBXNativeTarget "tantan" */ = {
			isa = XCConfigurationList;
			buildConfigurations = (
				602278482065EEA000070703 /* Debug */,
				602278492065EEA000070703 /* Release */,
			);
			defaultConfigurationIsVisible = 0;
			defaultConfigurationName = Release;
		};
/* End XCConfigurationList section */
	};
	rootObject = 602278292065EEA000070703 /* Project object */;
}
